Microsoft Visual Studio Solution File, Format Version 12.00
# Visual Studio Version 17
VisualStudioVersion = 17.5.2.0
MinimumVisualStudioVersion = 10.0.40219.1
Project("{FAE04EC0-301F-11D3-BF4B-00C04F79EFBC}") = "MvcAdoNetProjem", "MvcAdoNetProjem.csproj", "{745BB45B-8425-C574-4693-BF83A1679330}"
EndProject
Global
	GlobalSection(SolutionConfigurationPlatforms) = preSolution
		Debug|Any CPU = Debug|Any CPU
		Release|Any CPU = Release|Any CPU
	EndGlobalSection
	GlobalSection(ProjectConfigurationPlatforms) = postSolution
		{745BB45B-8425-C574-4693-BF83A1679330}.Debug|Any CPU.ActiveCfg = Debug|Any CPU
		{745BB45B-8425-C574-4693-BF83A1679330}.Debug|Any CPU.Build.0 = Debug|Any CPU
		{745BB45B-8425-C574-4693-BF83A1679330}.Release|Any CPU.ActiveCfg = Release|Any CPU
		{745BB45B-8425-C574-4693-BF83A1679330}.Release|Any CPU.Build.0 = Release|Any CPU
	EndGlobalSection
	GlobalSection(SolutionProperties) = preSolution
		HideSolutionNode = FALSE
	EndGlobalSection
	GlobalSection(ExtensibilityGlobals) = postSolution
		SolutionGuid = {9904A51F-32AF-4B8B-85A0-3F17C156327B}
	EndGlobalSection
EndGlobal
